# This file is automatically @generated by Cargo.
# It is not intended for manual editing.
version = 4

[[package]]
name = "rechenblatt"
version = "0.0.0"
dependencies = [
 "rechenblatt-calc",
 "rechenblatt-macro",
 "rechenblatt-model",
 "rechenblatt-render",
]

[[package]]
name = "rechenblatt-calc"
version = "0.0.0"
dependencies = [
 "rechenblatt-model",
]

[[package]]
name = "rechenblatt-macro"
version = "0.0.0"
dependencies = [
 "rechenblatt-calc",
 "rechenblatt-model",
]

[[package]]
name = "rechenblatt-model"
version = "0.0.0"

[[package]]
name = "rechenblatt-render"
version = "0.0.0"
dependencies = [
 "rechenblatt-calc",
 "rechenblatt-model",
]
